
Microsoft Visual Studio Solution File, Format Version 12.00
# Visual Studio Version 16
VisualStudioVersion = 16.0.30413.136
MinimumVisualStudioVersion = 10.0.40219.1
Project("{FAE04EC0-301F-11D3-BF4B-00C04F79EFBC}") = "MinneshanteringExcersice4", "MinneshanteringExcersice4\MinneshanteringExcersice4.csproj", "{64F65625-90DD-4609-BAD0-9B326A841B48}"
EndProject
Global
	GlobalSection(SolutionConfigurationPlatforms) = preSolution
		Debug|Any CPU = Debug|Any CPU
		Release|Any CPU = Release|Any CPU
	EndGlobalSection
	GlobalSection(ProjectConfigurationPlatforms) = postSolution
		{64F65625-90DD-4609-BAD0-9B326A841B48}.Debug|Any CPU.ActiveCfg = Debug|Any CPU
		{64F65625-90DD-4609-BAD0-9B326A841B48}.Debug|Any CPU.Build.0 = Debug|Any CPU
		{64F65625-90DD-4609-BAD0-9B326A841B48}.Release|Any CPU.ActiveCfg = Release|Any CPU
		{64F65625-90DD-4609-BAD0-9B326A841B48}.Release|Any CPU.Build.0 = Release|Any CPU
	EndGlobalSection
	GlobalSection(SolutionProperties) = preSolution
		HideSolutionNode = FALSE
	EndGlobalSection
	GlobalSection(ExtensibilityGlobals) = postSolution
		SolutionGuid = {785F8F8E-282C-4BDA-AADE-0717342B1AF7}
	EndGlobalSection
EndGlobal
